{
  "name": "bdc-scripts",
  "version": "1.0.0",
  "lockfileVersion": 3,
  "requires": true,
  "packages": {
    "": {
      "name": "bdc-scripts",
      "version": "1.0.0",
      "license": "ISC",
      "dependencies": {
        "bottleneck": "^2.19.5",
        "jsonrepair": "^3.5.1"
      }
    },
    "node_modules/bottleneck": {
      "version": "2.19.5",
      "resolved": "https://registry.npmjs.org/bottleneck/-/bottleneck-2.19.5.tgz",
      "integrity": "sha512-VHiNCbI1lKdl44tGrhNfU3lup0Tj/ZBMJB5/2ZbNXRCPuRCO7ed2mgcK4r17y+KB2EfuYuRaVlwNbAeaWGSpbw=="
    },
    "node_modules/jsonrepair": {
      "version": "3.5.1",
      "resolved": "https://registry.npmjs.org/jsonrepair/-/jsonrepair-3.5.1.tgz",
      "integrity": "sha512-F0VxiEj1j7m1OAVUVy6fFYk5s8tthF61J7tjYtEACw1DeNQqKmZF6dPddduxc7Tc5IrLqKTdLAwUNTmrqqg+hw==",
      "bin": {
        "jsonrepair": "bin/cli.js"
      }
    }
  }
}
